// !$*UTF8*$!
{
	archiveVersion = 1;
	classes = {
	};
	objectVersion = 56;
	objects = {

/* Begin PBXBuildFile section */
		96771C5B2A34A1AB00C0613C /* AsyncCanvasArticleMaterialsUITests.swift in Sources */ = {isa = PBXBuildFile; fileRef = 96771C5A2A34A1AB00C0613C /* AsyncCanvasArticleMaterialsUITests.swift */; };
		96BDB86B2A338D9A00407BA4 /* RandomValues.swift in Sources */ = {isa = PBXBuildFile; fileRef = 96BDB86A2A338D9A00407BA4 /* RandomValues.swift */; };
		96E398C62A45B06B00A490C6 /* Environment.swift in Sources */ = {isa = PBXBuildFile; fileRef = 96E398C52A45B06B00A490C6 /* Environment.swift */; };
		96E398C82A45B0C600A490C6 /* RenderAsyncCanvas.swift in Sources */ = {isa = PBXBuildFile; fileRef = 96E398C72A45B0C600A490C6 /* RenderAsyncCanvas.swift */; };
		96E398CA2A45B0DE00A490C6 /* RenderCanvas.swift in Sources */ = {isa = PBXBuildFile; fileRef = 96E398C92A45B0DE00A490C6 /* RenderCanvas.swift */; };
		96E398CC2A45B0F900A490C6 /* RenderShapes.swift in Sources */ = {isa = PBXBuildFile; fileRef = 96E398CB2A45B0F900A490C6 /* RenderShapes.swift */; };
		96E398CF2A45B15F00A490C6 /* PointOfInterest.swift in Sources */ = {isa = PBXBuildFile; fileRef = 96E398CE2A45B15F00A490C6 /* PointOfInterest.swift */; };
		96E398D22A45B39200A490C6 /* AsyncCanvas in Frameworks */ = {isa = PBXBuildFile; productRef = 96E398D12A45B39200A490C6 /* AsyncCanvas */; };
		96F8ACF12A2D330100E0C8B6 /* AsyncCanvasArticleMaterialsApp.swift in Sources */ = {isa = PBXBuildFile; fileRef = 96F8ACF02A2D330100E0C8B6 /* AsyncCanvasArticleMaterialsApp.swift */; };
		96F8ACF32A2D330100E0C8B6 /* ContentView.swift in Sources */ = {isa = PBXBuildFile; fileRef = 96F8ACF22A2D330100E0C8B6 /* ContentView.swift */; };
		96F8ACF52A2D330300E0C8B6 /* Assets.xcassets in Resources */ = {isa = PBXBuildFile; fileRef = 96F8ACF42A2D330300E0C8B6 /* Assets.xcassets */; };
/* End PBXBuildFile section */

/* Begin PBXContainerItemProxy section */
		96771C5E2A34A1AB00C0613C /* PBXContainerItemProxy */ = {
			isa = PBXContainerItemProxy;
			containerPortal = 96F8ACE52A2D330100E0C8B6 /* Project object */;
			proxyType = 1;
			remoteGlobalIDString = 96F8ACEC2A2D330100E0C8B6;
			remoteInfo = "SwiftUI Draw playground";
		};
/* End PBXContainerItemProxy section */

/* Begin PBXFileReference section */
		96771C582A34A1AB00C0613C /* AsyncCanvasArticleMaterialsUITests.xctest */ = {isa = PBXFileReference; explicitFileType = wrapper.cfbundle; includeInIndex = 0; path = AsyncCanvasArticleMaterialsUITests.xctest; sourceTree = BUILT_PRODUCTS_DIR; };
		96771C5A2A34A1AB00C0613C /* AsyncCanvasArticleMaterialsUITests.swift */ = {isa = PBXFileReference; lastKnownFileType = sourcecode.swift; path = AsyncCanvasArticleMaterialsUITests.swift; sourceTree = "<group>"; };
		96BDB86A2A338D9A00407BA4 /* RandomValues.swift */ = {isa = PBXFileReference; lastKnownFileType = sourcecode.swift; path = RandomValues.swift; sourceTree = "<group>"; };
		96E398C52A45B06B00A490C6 /* Environment.swift */ = {isa = PBXFileReference; lastKnownFileType = sourcecode.swift; path = Environment.swift; sourceTree = "<group>"; };
		96E398C72A45B0C600A490C6 /* RenderAsyncCanvas.swift */ = {isa = PBXFileReference; lastKnownFileType = sourcecode.swift; path = RenderAsyncCanvas.swift; sourceTree = "<group>"; };
		96E398C92A45B0DE00A490C6 /* RenderCanvas.swift */ = {isa = PBXFileReference; lastKnownFileType = sourcecode.swift; path = RenderCanvas.swift; sourceTree = "<group>"; };
		96E398CB2A45B0F900A490C6 /* RenderShapes.swift */ = {isa = PBXFileReference; lastKnownFileType = sourcecode.swift; path = RenderShapes.swift; sourceTree = "<group>"; };
		96E398CE2A45B15F00A490C6 /* PointOfInterest.swift */ = {isa = PBXFileReference; lastKnownFileType = sourcecode.swift; path = PointOfInterest.swift; sourceTree = "<group>"; };
		96F8ACED2A2D330100E0C8B6 /* AsyncCanvasArticleMaterials.app */ = {isa = PBXFileReference; explicitFileType = wrapper.application; includeInIndex = 0; path = AsyncCanvasArticleMaterials.app; sourceTree = BUILT_PRODUCTS_DIR; };
		96F8ACF02A2D330100E0C8B6 /* AsyncCanvasArticleMaterialsApp.swift */ = {isa = PBXFileReference; lastKnownFileType = sourcecode.swift; path = AsyncCanvasArticleMaterialsApp.swift; sourceTree = "<group>"; };
		96F8ACF22A2D330100E0C8B6 /* ContentView.swift */ = {isa = PBXFileReference; lastKnownFileType = sourcecode.swift; path = ContentView.swift; sourceTree = "<group>"; };
		96F8ACF42A2D330300E0C8B6 /* Assets.xcassets */ = {isa = PBXFileReference; lastKnownFileType = folder.assetcatalog; path = Assets.xcassets; sourceTree = "<group>"; };
/* End PBXFileReference section */

/* Begin PBXFrameworksBuildPhase section */
		96771C552A34A1AB00C0613C /* Frameworks */ = {
			isa = PBXFrameworksBuildPhase;
			buildActionMask = 2147483647;
			files = (
			);
			runOnlyForDeploymentPostprocessing = 0;
		};
		96F8ACEA2A2D330100E0C8B6 /* Frameworks */ = {
			isa = PBXFrameworksBuildPhase;
			buildActionMask = 2147483647;
			files = (
				96E398D22A45B39200A490C6 /* AsyncCanvas in Frameworks */,
			);
			runOnlyForDeploymentPostprocessing = 0;
		};
/* End PBXFrameworksBuildPhase section */

/* Begin PBXGroup section */
		96771C592A34A1AB00C0613C /* AsyncCanvasArticleMaterialsUITests */ = {
			isa = PBXGroup;
			children = (
				96771C5A2A34A1AB00C0613C /* AsyncCanvasArticleMaterialsUITests.swift */,
			);
			path = AsyncCanvasArticleMaterialsUITests;
			sourceTree = "<group>";
		};
		96E398C22A45B00900A490C6 /* Helpers */ = {
			isa = PBXGroup;
			children = (
				96BDB86A2A338D9A00407BA4 /* RandomValues.swift */,
				96E398CE2A45B15F00A490C6 /* PointOfInterest.swift */,
			);
			path = Helpers;
			sourceTree = "<group>";
		};
		96E398C32A45B02200A490C6 /* Resources */ = {
			isa = PBXGroup;
			children = (
				96F8ACF42A2D330300E0C8B6 /* Assets.xcassets */,
			);
			path = Resources;
			sourceTree = "<group>";
		};
		96E398C42A45B06300A490C6 /* Views */ = {
			isa = PBXGroup;
			children = (
				96E398C52A45B06B00A490C6 /* Environment.swift */,
				96E398C72A45B0C600A490C6 /* RenderAsyncCanvas.swift */,
				96E398C92A45B0DE00A490C6 /* RenderCanvas.swift */,
				96E398CB2A45B0F900A490C6 /* RenderShapes.swift */,
			);
			path = Views;
			sourceTree = "<group>";
		};
		96E398CD2A45B11900A490C6 /* App */ = {
			isa = PBXGroup;
			children = (
				96F8ACF02A2D330100E0C8B6 /* AsyncCanvasArticleMaterialsApp.swift */,
				96F8ACF22A2D330100E0C8B6 /* ContentView.swift */,
			);
			path = App;
			sourceTree = "<group>";
		};
		96F8ACE42A2D330100E0C8B6 = {
			isa = PBXGroup;
			children = (
				96F8ACEF2A2D330100E0C8B6 /* AsyncCanvasArticleMaterials */,
				96771C592A34A1AB00C0613C /* AsyncCanvasArticleMaterialsUITests */,
				96F8ACEE2A2D330100E0C8B6 /* Products */,
			);
			sourceTree = "<group>";
		};
		96F8ACEE2A2D330100E0C8B6 /* Products */ = {
			isa = PBXGroup;
			children = (
				96F8ACED2A2D330100E0C8B6 /* AsyncCanvasArticleMaterials.app */,
				96771C582A34A1AB00C0613C /* AsyncCanvasArticleMaterialsUITests.xctest */,
			);
			name = Products;
			sourceTree = "<group>";
		};
		96F8ACEF2A2D330100E0C8B6 /* AsyncCanvasArticleMaterials */ = {
			isa = PBXGroup;
			children = (
				96E398CD2A45B11900A490C6 /* App */,
				96E398C42A45B06300A490C6 /* Views */,
				96E398C32A45B02200A490C6 /* Resources */,
				96E398C22A45B00900A490C6 /* Helpers */,
			);
			path = AsyncCanvasArticleMaterials;
			sourceTree = "<group>";
		};
/* End PBXGroup section */

/* Begin PBXNativeTarget section */
		96771C572A34A1AB00C0613C /* AsyncCanvasArticleMaterialsUITests */ = {
			isa = PBXNativeTarget;
			buildConfigurationList = 96771C622A34A1AB00C0613C /* Build configuration list for PBXNativeTarget "AsyncCanvasArticleMaterialsUITests" */;
			buildPhases = (
				96771C542A34A1AB00C0613C /* Sources */,
				96771C552A34A1AB00C0613C /* Frameworks */,
				96771C562A34A1AB00C0613C /* Resources */,
			);
			buildRules = (
			);
			dependencies = (
				96771C5F2A34A1AB00C0613C /* PBXTargetDependency */,
			);
			name = AsyncCanvasArticleMaterialsUITests;
			productName = "SwiftUI Draw playgroundUITests";
			productReference = 96771C582A34A1AB00C0613C /* AsyncCanvasArticleMaterialsUITests.xctest */;
			productType = "com.apple.product-type.bundle.ui-testing";
		};
		96F8ACEC2A2D330100E0C8B6 /* AsyncCanvasArticleMaterials */ = {
			isa = PBXNativeTarget;
			buildConfigurationList = 96F8ACFB2A2D330300E0C8B6 /* Build configuration list for PBXNativeTarget "AsyncCanvasArticleMaterials" */;
			buildPhases = (
				96F8ACE92A2D330100E0C8B6 /* Sources */,
				96F8ACEA2A2D330100E0C8B6 /* Frameworks */,
				96F8ACEB2A2D330100E0C8B6 /* Resources */,
			);
			buildRules = (
			);
			dependencies = (
			);
			name = AsyncCanvasArticleMaterials;
			packageProductDependencies = (
				96E398D12A45B39200A490C6 /* AsyncCanvas */,
			);
			productName = "SwiftUI Draw playground";
			productReference = 96F8ACED2A2D330100E0C8B6 /* AsyncCanvasArticleMaterials.app */;
			productType = "com.apple.product-type.application";
		};
/* End PBXNativeTarget section */

/* Begin PBXProject section */
		96F8ACE52A2D330100E0C8B6 /* Project object */ = {
			isa = PBXProject;
			attributes = {
				BuildIndependentTargetsInParallel = 1;
				LastSwiftUpdateCheck = 1500;
				LastUpgradeCheck = 1500;
				TargetAttributes = {
					96771C572A34A1AB00C0613C = {
						CreatedOnToolsVersion = 15.0;
						TestTargetID = 96F8ACEC2A2D330100E0C8B6;
					};
					96F8ACEC2A2D330100E0C8B6 = {
						CreatedOnToolsVersion = 14.3;
					};
				};
			};
			buildConfigurationList = 96F8ACE82A2D330100E0C8B6 /* Build configuration list for PBXProject "AsyncCanvasArticleMaterials" */;
			compatibilityVersion = "Xcode 14.0";
			developmentRegion = en;
			hasScannedForEncodings = 0;
			knownRegions = (
				en,
				Base,
			);
			mainGroup = 96F8ACE42A2D330100E0C8B6;
			packageReferences = (
				96E398D02A45B39200A490C6 /* XCRemoteSwiftPackageReference "AsyncCanvas" */,
			);
			productRefGroup = 96F8ACEE2A2D330100E0C8B6 /* Products */;
			projectDirPath = "";
			projectRoot = "";
			targets = (
				96F8ACEC2A2D330100E0C8B6 /* AsyncCanvasArticleMaterials */,
				96771C572A34A1AB00C0613C /* AsyncCanvasArticleMaterialsUITests */,
			);
		};
/* End PBXProject section */

/* Begin PBXResourcesBuildPhase section */
		96771C562A34A1AB00C0613C /* Resources */ = {
			isa = PBXResourcesBuildPhase;
			buildActionMask = 2147483647;
			files = (
			);
			runOnlyForDeploymentPostprocessing = 0;
		};
		96F8ACEB2A2D330100E0C8B6 /* Resources */ = {
			isa = PBXResourcesBuildPhase;
			buildActionMask = 2147483647;
			files = (
				96F8ACF52A2D330300E0C8B6 /* Assets.xcassets in Resources */,
			);
			runOnlyForDeploymentPostprocessing = 0;
		};
/* End PBXResourcesBuildPhase section */

/* Begin PBXSourcesBuildPhase section */
		96771C542A34A1AB00C0613C /* Sources */ = {
			isa = PBXSourcesBuildPhase;
			buildActionMask = 2147483647;
			files = (
				96771C5B2A34A1AB00C0613C /* AsyncCanvasArticleMaterialsUITests.swift in Sources */,
			);
			runOnlyForDeploymentPostprocessing = 0;
		};
		96F8ACE92A2D330100E0C8B6 /* Sources */ = {
			isa = PBXSourcesBuildPhase;
			buildActionMask = 2147483647;
			files = (
				96F8ACF32A2D330100E0C8B6 /* ContentView.swift in Sources */,
				96E398CC2A45B0F900A490C6 /* RenderShapes.swift in Sources */,
				96BDB86B2A338D9A00407BA4 /* RandomValues.swift in Sources */,
				96F8ACF12A2D330100E0C8B6 /* AsyncCanvasArticleMaterialsApp.swift in Sources */,
				96E398C82A45B0C600A490C6 /* RenderAsyncCanvas.swift in Sources */,
				96E398C62A45B06B00A490C6 /* Environment.swift in Sources */,
				96E398CF2A45B15F00A490C6 /* PointOfInterest.swift in Sources */,
				96E398CA2A45B0DE00A490C6 /* RenderCanvas.swift in Sources */,
			);
			runOnlyForDeploymentPostprocessing = 0;
		};
/* End PBXSourcesBuildPhase section */

/* Begin PBXTargetDependency section */
		96771C5F2A34A1AB00C0613C /* PBXTargetDependency */ = {
			isa = PBXTargetDependency;
			target = 96F8ACEC2A2D330100E0C8B6 /* AsyncCanvasArticleMaterials */;
			targetProxy = 96771C5E2A34A1AB00C0613C /* PBXContainerItemProxy */;
		};
/* End PBXTargetDependency section */

/* Begin XCBuildConfiguration section */
		96771C602A34A1AB00C0613C /* Debug */ = {
			isa = XCBuildConfiguration;
			buildSettings = {
				ASSETCATALOG_COMPILER_GENERATE_SWIFT_ASSET_SYMBOL_EXTENSIONS = YES;
				CODE_SIGN_STYLE = Automatic;
				CURRENT_PROJECT_VERSION = 1;
				DEVELOPMENT_TEAM = 98J984UZ9Z;
				ENABLE_USER_SCRIPT_SANDBOXING = YES;
				GCC_C_LANGUAGE_STANDARD = gnu17;
				GENERATE_INFOPLIST_FILE = YES;
				IPHONEOS_DEPLOYMENT_TARGET = 17.0;
				LOCALIZATION_PREFERS_STRING_CATALOGS = YES;
				MARKETING_VERSION = 1.0;
				PRODUCT_BUNDLE_IDENTIFIER = "com.ad.SwiftUI-Draw-playgroundUITests";
				PRODUCT_NAME = "$(TARGET_NAME)";
				SWIFT_ACTIVE_COMPILATION_CONDITIONS = "DEBUG $(inherited)";
				SWIFT_EMIT_LOC_STRINGS = NO;
				SWIFT_VERSION = 5.0;
				TARGETED_DEVICE_FAMILY = "1,2";
				TEST_TARGET_NAME = "SwiftUI Draw playground";
			};
			name = Debug;
		};
		96771C612A34A1AB00C0613C /* Release */ = {
			isa = XCBuildConfiguration;
			buildSettings = {
				ASSETCATALOG_COMPILER_GENERATE_SWIFT_ASSET_SYMBOL_EXTENSIONS = YES;
				CODE_SIGN_STYLE = Automatic;
				CURRENT_PROJECT_VERSION = 1;
				DEVELOPMENT_TEAM = 98J984UZ9Z;
				ENABLE_USER_SCRIPT_SANDBOXING = YES;
				GCC_C_LANGUAGE_STANDARD = gnu17;
				GENERATE_INFOPLIST_FILE = YES;
				IPHONEOS_DEPLOYMENT_TARGET = 17.0;
				LOCALIZATION_PREFERS_STRING_CATALOGS = YES;
				MARKETING_VERSION = 1.0;
				PRODUCT_BUNDLE_IDENTIFIER = "com.ad.SwiftUI-Draw-playgroundUITests";
				PRODUCT_NAME = "$(TARGET_NAME)";
				SWIFT_EMIT_LOC_STRINGS = NO;
				SWIFT_VERSION = 5.0;
				TARGETED_DEVICE_FAMILY = "1,2";
				TEST_TARGET_NAME = "SwiftUI Draw playground";
			};
			name = Release;
		};
		96F8ACF92A2D330300E0C8B6 /* Debug */ = {
			isa = XCBuildConfiguration;
			buildSettings = {
				ALWAYS_SEARCH_USER_PATHS = NO;
				ASSETCATALOG_COMPILER_GENERATE_SWIFT_ASSET_SYMBOL_EXTENSIONS = YES;
				CLANG_ANALYZER_NONNULL = YES;
				CLANG_ANALYZER_NUMBER_OBJECT_CONVERSION = YES_AGGRESSIVE;
				CLANG_CXX_LANGUAGE_STANDARD = "gnu++20";
				CLANG_ENABLE_MODULES = YES;
				CLANG_ENABLE_OBJC_ARC = YES;
				CLANG_ENABLE_OBJC_WEAK = YES;
				CLANG_WARN_BLOCK_CAPTURE_AUTORELEASING = YES;
				CLANG_WARN_BOOL_CONVERSION = YES;
				CLANG_WARN_COMMA = YES;
				CLANG_WARN_CONSTANT_CONVERSION = YES;
				CLANG_WARN_DEPRECATED_OBJC_IMPLEMENTATIONS = YES;
				CLANG_WARN_DIRECT_OBJC_ISA_USAGE = YES_ERROR;
				CLANG_WARN_DOCUMENTATION_COMMENTS = YES;
				CLANG_WARN_EMPTY_BODY = YES;
				CLANG_WARN_ENUM_CONVERSION = YES;
				CLANG_WARN_INFINITE_RECURSION = YES;
				CLANG_WARN_INT_CONVERSION = YES;
				CLANG_WARN_NON_LITERAL_NULL_CONVERSION = YES;
				CLANG_WARN_OBJC_IMPLICIT_RETAIN_SELF = YES;
				CLANG_WARN_OBJC_LITERAL_CONVERSION = YES;
				CLANG_WARN_OBJC_ROOT_CLASS = YES_ERROR;
				CLANG_WARN_QUOTED_INCLUDE_IN_FRAMEWORK_HEADER = YES;
				CLANG_WARN_RANGE_LOOP_ANALYSIS = YES;
				CLANG_WARN_STRICT_PROTOTYPES = YES;
				CLANG_WARN_SUSPICIOUS_MOVE = YES;
				CLANG_WARN_UNGUARDED_AVAILABILITY = YES_AGGRESSIVE;
				CLANG_WARN_UNREACHABLE_CODE = YES;
				CLANG_WARN__DUPLICATE_METHOD_MATCH = YES;
				COPY_PHASE_STRIP = NO;
				DEBUG_INFORMATION_FORMAT = dwarf;
				ENABLE_STRICT_OBJC_MSGSEND = YES;
				ENABLE_TESTABILITY = YES;
				GCC_C_LANGUAGE_STANDARD = gnu11;
				GCC_DYNAMIC_NO_PIC = NO;
				GCC_NO_COMMON_BLOCKS = YES;
				GCC_OPTIMIZATION_LEVEL = 0;
				GCC_PREPROCESSOR_DEFINITIONS = (
					"DEBUG=1",
					"$(inherited)",
				);
				GCC_WARN_64_TO_32_BIT_CONVERSION = YES;
				GCC_WARN_ABOUT_RETURN_TYPE = YES_ERROR;
				GCC_WARN_UNDECLARED_SELECTOR = YES;
				GCC_WARN_UNINITIALIZED_AUTOS = YES_AGGRESSIVE;
				GCC_WARN_UNUSED_FUNCTION = YES;
				GCC_WARN_UNUSED_VARIABLE = YES;
				IPHONEOS_DEPLOYMENT_TARGET = 15.0;
				MTL_ENABLE_DEBUG_INFO = INCLUDE_SOURCE;
				MTL_FAST_MATH = YES;
				ONLY_ACTIVE_ARCH = YES;
				SDKROOT = iphoneos;
				SWIFT_ACTIVE_COMPILATION_CONDITIONS = DEBUG;
				SWIFT_OPTIMIZATION_LEVEL = "-Onone";
			};
			name = Debug;
		};
		96F8ACFA2A2D330300E0C8B6 /* Release */ = {
			isa = XCBuildConfiguration;
			buildSettings = {
				ALWAYS_SEARCH_USER_PATHS = NO;
				ASSETCATALOG_COMPILER_GENERATE_SWIFT_ASSET_SYMBOL_EXTENSIONS = YES;
				CLANG_ANALYZER_NONNULL = YES;
				CLANG_ANALYZER_NUMBER_OBJECT_CONVERSION = YES_AGGRESSIVE;
				CLANG_CXX_LANGUAGE_STANDARD = "gnu++20";
				CLANG_ENABLE_MODULES = YES;
				CLANG_ENABLE_OBJC_ARC = YES;
				CLANG_ENABLE_OBJC_WEAK = YES;
				CLANG_WARN_BLOCK_CAPTURE_AUTORELEASING = YES;
				CLANG_WARN_BOOL_CONVERSION = YES;
				CLANG_WARN_COMMA = YES;
				CLANG_WARN_CONSTANT_CONVERSION = YES;
				CLANG_WARN_DEPRECATED_OBJC_IMPLEMENTATIONS = YES;
				CLANG_WARN_DIRECT_OBJC_ISA_USAGE = YES_ERROR;
				CLANG_WARN_DOCUMENTATION_COMMENTS = YES;
				CLANG_WARN_EMPTY_BODY = YES;
				CLANG_WARN_ENUM_CONVERSION = YES;
				CLANG_WARN_INFINITE_RECURSION = YES;
				CLANG_WARN_INT_CONVERSION = YES;
				CLANG_WARN_NON_LITERAL_NULL_CONVERSION = YES;
				CLANG_WARN_OBJC_IMPLICIT_RETAIN_SELF = YES;
				CLANG_WARN_OBJC_LITERAL_CONVERSION = YES;
				CLANG_WARN_OBJC_ROOT_CLASS = YES_ERROR;
				CLANG_WARN_QUOTED_INCLUDE_IN_FRAMEWORK_HEADER = YES;
				CLANG_WARN_RANGE_LOOP_ANALYSIS = YES;
				CLANG_WARN_STRICT_PROTOTYPES = YES;
				CLANG_WARN_SUSPICIOUS_MOVE = YES;
				CLANG_WARN_UNGUARDED_AVAILABILITY = YES_AGGRESSIVE;
				CLANG_WARN_UNREACHABLE_CODE = YES;
				CLANG_WARN__DUPLICATE_METHOD_MATCH = YES;
				COPY_PHASE_STRIP = NO;
				DEBUG_INFORMATION_FORMAT = "dwarf-with-dsym";
				ENABLE_NS_ASSERTIONS = NO;
				ENABLE_STRICT_OBJC_MSGSEND = YES;
				GCC_C_LANGUAGE_STANDARD = gnu11;
				GCC_NO_COMMON_BLOCKS = YES;
				GCC_WARN_64_TO_32_BIT_CONVERSION = YES;
				GCC_WARN_ABOUT_RETURN_TYPE = YES_ERROR;
				GCC_WARN_UNDECLARED_SELECTOR = YES;
				GCC_WARN_UNINITIALIZED_AUTOS = YES_AGGRESSIVE;
				GCC_WARN_UNUSED_FUNCTION = YES;
				GCC_WARN_UNUSED_VARIABLE = YES;
				IPHONEOS_DEPLOYMENT_TARGET = 15.0;
				MTL_ENABLE_DEBUG_INFO = NO;
				MTL_FAST_MATH = YES;
				SDKROOT = iphoneos;
				SWIFT_COMPILATION_MODE = wholemodule;
				SWIFT_OPTIMIZATION_LEVEL = "-O";
				VALIDATE_PRODUCT = YES;
			};
			name = Release;
		};
		96F8ACFC2A2D330300E0C8B6 /* Debug */ = {
			isa = XCBuildConfiguration;
			buildSettings = {
				ASSETCATALOG_COMPILER_APPICON_NAME = AppIcon;
				ASSETCATALOG_COMPILER_GLOBAL_ACCENT_COLOR_NAME = AccentColor;
				CODE_SIGN_STYLE = Automatic;
				CURRENT_PROJECT_VERSION = 1;
				DEVELOPMENT_TEAM = 98J984UZ9Z;
				ENABLE_PREVIEWS = YES;
				GENERATE_INFOPLIST_FILE = YES;
				INFOPLIST_KEY_UIApplicationSceneManifest_Generation = YES;
				INFOPLIST_KEY_UIApplicationSupportsIndirectInputEvents = YES;
				INFOPLIST_KEY_UILaunchScreen_Generation = YES;
				INFOPLIST_KEY_UISupportedInterfaceOrientations_iPad = "UIInterfaceOrientationPortrait UIInterfaceOrientationPortraitUpsideDown UIInterfaceOrientationLandscapeLeft UIInterfaceOrientationLandscapeRight";
				INFOPLIST_KEY_UISupportedInterfaceOrientations_iPhone = "UIInterfaceOrientationPortrait UIInterfaceOrientationLandscapeLeft UIInterfaceOrientationLandscapeRight";
				IPHONEOS_DEPLOYMENT_TARGET = 15.0;
				LD_RUNPATH_SEARCH_PATHS = (
					"$(inherited)",
					"@executable_path/Frameworks",
				);
				MARKETING_VERSION = 1.0;
				PRODUCT_BUNDLE_IDENTIFIER = "com.ad.SwiftUI-Draw-playground";
				PRODUCT_NAME = "$(TARGET_NAME)";
				SWIFT_EMIT_LOC_STRINGS = YES;
				SWIFT_VERSION = 5.0;
				TARGETED_DEVICE_FAMILY = "1,2";
			};
			name = Debug;
		};
		96F8ACFD2A2D330300E0C8B6 /* Release */ = {
			isa = XCBuildConfiguration;
			buildSettings = {
				ASSETCATALOG_COMPILER_APPICON_NAME = AppIcon;
				ASSETCATALOG_COMPILER_GLOBAL_ACCENT_COLOR_NAME = AccentColor;
				CODE_SIGN_STYLE = Automatic;
				CURRENT_PROJECT_VERSION = 1;
				DEVELOPMENT_TEAM = 98J984UZ9Z;
				ENABLE_PREVIEWS = YES;
				GENERATE_INFOPLIST_FILE = YES;
				INFOPLIST_KEY_UIApplicationSceneManifest_Generation = YES;
				INFOPLIST_KEY_UIApplicationSupportsIndirectInputEvents = YES;
				INFOPLIST_KEY_UILaunchScreen_Generation = YES;
				INFOPLIST_KEY_UISupportedInterfaceOrientations_iPad = "UIInterfaceOrientationPortrait UIInterfaceOrientationPortraitUpsideDown UIInterfaceOrientationLandscapeLeft UIInterfaceOrientationLandscapeRight";
				INFOPLIST_KEY_UISupportedInterfaceOrientations_iPhone = "UIInterfaceOrientationPortrait UIInterfaceOrientationLandscapeLeft UIInterfaceOrientationLandscapeRight";
				IPHONEOS_DEPLOYMENT_TARGET = 15.0;
				LD_RUNPATH_SEARCH_PATHS = (
					"$(inherited)",
					"@executable_path/Frameworks",
				);
				MARKETING_VERSION = 1.0;
				PRODUCT_BUNDLE_IDENTIFIER = "com.ad.SwiftUI-Draw-playground";
				PRODUCT_NAME = "$(TARGET_NAME)";
				SWIFT_EMIT_LOC_STRINGS = YES;
				SWIFT_VERSION = 5.0;
				TARGETED_DEVICE_FAMILY = "1,2";
			};
			name = Release;
		};
/* End XCBuildConfiguration section */

/* Begin XCConfigurationList section */
		96771C622A34A1AB00C0613C /* Build configuration list for PBXNativeTarget "AsyncCanvasArticleMaterialsUITests" */ = {
			isa = XCConfigurationList;
			buildConfigurations = (
				96771C602A34A1AB00C0613C /* Debug */,
				96771C612A34A1AB00C0613C /* Release */,
			);
			defaultConfigurationIsVisible = 0;
			defaultConfigurationName = Release;
		};
		96F8ACE82A2D330100E0C8B6 /* Build configuration list for PBXProject "AsyncCanvasArticleMaterials" */ = {
			isa = XCConfigurationList;
			buildConfigurations = (
				96F8ACF92A2D330300E0C8B6 /* Debug */,
				96F8ACFA2A2D330300E0C8B6 /* Release */,
			);
			defaultConfigurationIsVisible = 0;
			defaultConfigurationName = Release;
		};
		96F8ACFB2A2D330300E0C8B6 /* Build configuration list for PBXNativeTarget "AsyncCanvasArticleMaterials" */ = {
			isa = XCConfigurationList;
			buildConfigurations = (
				96F8ACFC2A2D330300E0C8B6 /* Debug */,
				96F8ACFD2A2D330300E0C8B6 /* Release */,
			);
			defaultConfigurationIsVisible = 0;
			defaultConfigurationName = Release;
		};
/* End XCConfigurationList section */

/* Begin XCRemoteSwiftPackageReference section */
		96E398D02A45B39200A490C6 /* XCRemoteSwiftPackageReference "AsyncCanvas" */ = {
			isa = XCRemoteSwiftPackageReference;
			repositoryURL = "https://github.com/adurymanov/AsyncCanvas";
			requirement = {
				kind = exactVersion;
				version = 0.0.1;
			};
		};
/* End XCRemoteSwiftPackageReference section */

/* Begin XCSwiftPackageProductDependency section */
		96E398D12A45B39200A490C6 /* AsyncCanvas */ = {
			isa = XCSwiftPackageProductDependency;
			package = 96E398D02A45B39200A490C6 /* XCRemoteSwiftPackageReference "AsyncCanvas" */;
			productName = AsyncCanvas;
		};
/* End XCSwiftPackageProductDependency section */
	};
	rootObject = 96F8ACE52A2D330100E0C8B6 /* Project object */;
}
